
Microsoft Visual Studio Solution File, Format Version 12.00
# Visual Studio 15
VisualStudioVersion = 15.0.26730.16
MinimumVisualStudioVersion = 10.0.40219.1
Project("{FAE04EC0-301F-11D3-BF4B-00C04F79EFBC}") = "FunBooksAndVideos.Framework", "FunBooksAndVideos.Framework\FunBooksAndVideos.Framework.csproj", "{3D3EF004-C41E-4CCF-B605-C3E69162BF75}"
EndProject
Project("{FAE04EC0-301F-11D3-BF4B-00C04F79EFBC}") = "FunBooksAndVideos.UnitTests", "FunBooksAndVideos.UnitTests\FunBooksAndVideos.UnitTests.csproj", "{C5E6A655-D08E-49C3-97F3-2EDCC4DB3CCB}"
EndProject
Project("{FAE04EC0-301F-11D3-BF4B-00C04F79EFBC}") = "FunBooksAndVideos.IntegrationTests", "FunBooksAndVideos.IntegrationTests\FunBooksAndVideos.IntegrationTests.csproj", "{CCE3A221-D3AC-4048-8FB0-A9F4B831B899}"
EndProject
Global
	GlobalSection(SolutionConfigurationPlatforms) = preSolution
		Debug|Any CPU = Debug|Any CPU
		Release|Any CPU = Release|Any CPU
	EndGlobalSection
	GlobalSection(ProjectConfigurationPlatforms) = postSolution
		{3D3EF004-C41E-4CCF-B605-C3E69162BF75}.Debug|Any CPU.ActiveCfg = Debug|Any CPU
		{3D3EF004-C41E-4CCF-B605-C3E69162BF75}.Debug|Any CPU.Build.0 = Debug|Any CPU
		{3D3EF004-C41E-4CCF-B605-C3E69162BF75}.Release|Any CPU.ActiveCfg = Release|Any CPU
		{3D3EF004-C41E-4CCF-B605-C3E69162BF75}.Release|Any CPU.Build.0 = Release|Any CPU
		{C5E6A655-D08E-49C3-97F3-2EDCC4DB3CCB}.Debug|Any CPU.ActiveCfg = Debug|Any CPU
		{C5E6A655-D08E-49C3-97F3-2EDCC4DB3CCB}.Debug|Any CPU.Build.0 = Debug|Any CPU
		{C5E6A655-D08E-49C3-97F3-2EDCC4DB3CCB}.Release|Any CPU.ActiveCfg = Release|Any CPU
		{C5E6A655-D08E-49C3-97F3-2EDCC4DB3CCB}.Release|Any CPU.Build.0 = Release|Any CPU
		{CCE3A221-D3AC-4048-8FB0-A9F4B831B899}.Debug|Any CPU.ActiveCfg = Debug|Any CPU
		{CCE3A221-D3AC-4048-8FB0-A9F4B831B899}.Debug|Any CPU.Build.0 = Debug|Any CPU
		{CCE3A221-D3AC-4048-8FB0-A9F4B831B899}.Release|Any CPU.ActiveCfg = Release|Any CPU
		{CCE3A221-D3AC-4048-8FB0-A9F4B831B899}.Release|Any CPU.Build.0 = Release|Any CPU
	EndGlobalSection
	GlobalSection(SolutionProperties) = preSolution
		HideSolutionNode = FALSE
	EndGlobalSection
	GlobalSection(ExtensibilityGlobals) = postSolution
		SolutionGuid = {C1EE5C4D-B9BE-43BE-84FB-71A9BD71274B}
	EndGlobalSection
EndGlobal
